[[package]]
category = "main"
description = "Async client for aws services using botocore and aiohttp"
name = "aiobotocore"
optional = false
python-versions = "*"
version = "0.9.3"

[package.dependencies]
aiohttp = ">=3.3.1"
botocore = ">=1.10.58,<1.10.59"
wrapt = ">=1.10.10"

[package.extras]
awscli = ["awscli (1.15.59)"]
boto3 = ["boto3 (1.7.58)"]

[[package]]
category = "main"
description = "File support for asyncio."
name = "aiofiles"
optional = false
python-versions = "*"
version = "0.3.2"

[[package]]
category = "main"
description = "Async http client/server framework (asyncio)"
name = "aiohttp"
optional = false
python-versions = ">=3.5.3"
version = "3.3.2"

[package.dependencies]
async-timeout = ">=3.0,<4.0"
attrs = ">=17.3.0"
chardet = ">=2.0,<4.0"
idna-ssl = ">=1.0"
multidict = ">=4.0,<5.0"
yarl = ">=1.0,<2.0"

[[package]]
category = "main"
description = "A small Python module for determining appropriate platform-specific dirs, e.g. a \"user data dir\"."
name = "appdirs"
optional = false
python-versions = "*"
version = "1.4.3"

[[package]]
category = "main"
description = "Async generators and context managers for Python 3.5+"
name = "async-generator"
optional = false
python-versions = ">=3.5"
version = "1.10"

[[package]]
category = "main"
description = "Timeout context manager for asyncio programs"
name = "async-timeout"
optional = false
python-versions = ">=3.5.3"
version = "3.0.0"

[[package]]
category = "main"
description = "Classes Without Boilerplate"
name = "attrs"
optional = false
python-versions = ">=2.7, !=3.0.*, !=3.1.*, !=3.2.*, !=3.3.*"
version = "19.3.0"

[package.extras]
azure-pipelines = ["coverage", "hypothesis", "pympler", "pytest (>=4.3.0)", "six", "zope.interface", "pytest-azurepipelines"]
dev = ["coverage", "hypothesis", "pympler", "pytest (>=4.3.0)", "six", "zope.interface", "sphinx", "pre-commit"]
docs = ["sphinx", "zope.interface"]
tests = ["coverage", "hypothesis", "pympler", "pytest (>=4.3.0)", "six", "zope.interface"]

[[package]]
category = "main"
description = "Screen-scraping library"
name = "beautifulsoup4"
optional = false
python-versions = "*"
version = "4.8.1"

[package.dependencies]
soupsieve = ">=1.2"

[package.extras]
html5lib = ["html5lib"]
lxml = ["lxml"]

[[package]]
category = "main"
description = "Low-level, data-driven core of boto 3."
name = "botocore"
optional = false
python-versions = "*"
version = "1.10.58"

[package.dependencies]
docutils = ">=0.10"
jmespath = ">=0.7.1,<1.0.0"

[package.dependencies.python-dateutil]
python = ">=2.7"
version = ">=2.1,<3.0.0"

[[package]]
category = "main"
description = "Python package for providing Mozilla's CA Bundle."
name = "certifi"
optional = false
python-versions = "*"
version = "2019.9.11"

[[package]]
category = "main"
description = "Universal encoding detector for Python 2 and 3"
name = "chardet"
optional = false
python-versions = "*"
version = "3.0.4"

[[package]]
category = "main"
description = "Docutils -- Python Documentation Utilities"
name = "docutils"
optional = false
python-versions = ">=2.6, !=3.0.*, !=3.1.*, !=3.2.*"
version = "0.15.2"

[[package]]
category = "main"
description = "Discover and load entry points from installed packages."
name = "entrypoints"
optional = false
python-versions = ">=2.7"
version = "0.3"

[[package]]
category = "main"
description = "Up to date simple useragent faker with real world database"
name = "fake-useragent"
optional = false
python-versions = "*"
version = "0.1.11"

[[package]]
category = "main"
description = "the modular source code checker: pep8, pyflakes and co"
name = "flake8"
optional = false
python-versions = "*"
version = "3.5.0"

[package.dependencies]
mccabe = ">=0.6.0,<0.7.0"
pycodestyle = ">=2.0.0,<2.4.0"
pyflakes = ">=1.5.0,<1.7.0"

[[package]]
category = "main"
description = "bypass reCAPTCHA detection in pyppeteer"
name = "fuckcaptcha"
optional = false
python-versions = "*"
version = "0.1.0"

[[package]]
category = "main"
description = "An asynchronized Python library to automate solving ReCAPTCHA v2 by images/audio"
name = "goodbyecaptcha"
optional = false
python-versions = "*"
version = "2.4.2"

[package.dependencies]
Pillow = "6.2.1"
PyYAML = "5.1.2"
SpeechRecognition = "3.8.1"
aiobotocore = "0.9.3"
aiofiles = "0.3.2"
aiohttp = "3.3.2"
appdirs = "1.4.3"
async-generator = "1.10"
async-timeout = "3.0.0"
attrs = "19.3.0"
beautifulsoup4 = "4.8.1"
botocore = "1.10.58"
certifi = "2019.9.11"
chardet = "3.0.4"
docutils = "0.15.2"
entrypoints = "0.3"
fake-useragent = "0.1.11"
flake8 = "3.5.0"
fuckcaptcha = "0.1.0"
idna = "2.8"
jmespath = "0.9.4"
mccabe = "0.6.1"
multidict = "4.6.1"
numpy = "1.17.4"
opencv-python = "4.1.2.30"
peewee = "3.11.2"
pocketsphinx = "0.1.15"
psutil = "5.4.6"
pycodestyle = "2.3.1"
pydub = "0.22.1"
pyee = "7.0.1"
pyflakes = "1.6.0"
pyppeteer = "0.2.2"
pyppeteer-stealth = "1.0.0"
python-dateutil = "2.8.1"
requests = "2.22.0"
six = "1.13.0"
soupsieve = "1.9.5"
tqdm = "4.46.0"
urllib3 = "1.25.9"
user-agent = "0.1.9"
websockets = "8.1"
wrapt = "1.11.2"
yarl = "1.3.0"

[[package]]
category = "main"
description = "Internationalized Domain Names in Applications (IDNA)"
name = "idna"
optional = false
python-versions = ">=2.7, !=3.0.*, !=3.1.*, !=3.2.*, !=3.3.*"
version = "2.8"

[[package]]
category = "main"
description = "Patch ssl.match_hostname for Unicode(idna) domains support"
name = "idna-ssl"
optional = false
python-versions = "*"
version = "1.1.0"

[package.dependencies]
idna = ">=2.0"

[[package]]
category = "main"
description = "JSON Matching Expressions"
name = "jmespath"
optional = false
python-versions = "*"
version = "0.9.4"

[[package]]
category = "main"
description = "McCabe checker, plugin for flake8"
name = "mccabe"
optional = false
python-versions = "*"
version = "0.6.1"

[[package]]
category = "main"
description = "multidict implementation"
name = "multidict"
optional = false
python-versions = ">=3.5"
version = "4.6.1"

[[package]]
category = "main"
description = "NumPy is the fundamental package for array computing with Python."
name = "numpy"
optional = false
python-versions = ">=3.5"
version = "1.17.4"

[[package]]
category = "main"
description = "Wrapper package for OpenCV python bindings."
name = "opencv-python"
optional = false
python-versions = "*"
version = "4.1.2.30"

[package.dependencies]
numpy = ">=1.11.1"

[[package]]
category = "main"
description = "a little orm"
name = "peewee"
optional = false
python-versions = "*"
version = "3.11.2"

[[package]]
category = "main"
description = "Python Imaging Library (Fork)"
name = "pillow"
optional = false
python-versions = ">=2.7, !=3.0.*, !=3.1.*, !=3.2.*, !=3.3.*, !=3.4.*"
version = "6.2.1"

[[package]]
category = "main"
description = "Python interface to CMU Sphinxbase and Pocketsphinx libraries"
name = "pocketsphinx"
optional = false
python-versions = "*"
version = "0.1.15"

[[package]]
category = "main"
description = "Cross-platform lib for process and system monitoring in Python."
name = "psutil"
optional = false
python-versions = ">=2.6, !=3.0.*, !=3.1.*, !=3.2.*, !=3.3.*"
version = "5.4.6"

[package.extras]
enum = ["enum34"]

[[package]]
category = "main"
description = "Bindings for PortAudio v19, the cross-platform audio input/output stream library."
name = "pyaudio"
optional = false
python-versions = "*"
version = "0.2.11"

[[package]]
category = "main"
description = "Python style guide checker"
name = "pycodestyle"
optional = false
python-versions = "*"
version = "2.3.1"

[[package]]
category = "main"
description = "Manipulate audio with an simple and easy high level interface"
name = "pydub"
optional = false
python-versions = "*"
version = "0.22.1"

[[package]]
category = "main"
description = "A port of node.js's EventEmitter to python."
name = "pyee"
optional = false
python-versions = "*"
version = "7.0.1"

[[package]]
category = "main"
description = "passive checker of Python programs"
name = "pyflakes"
optional = false
python-versions = "*"
version = "1.6.0"

[[package]]
category = "main"
description = "Headless chrome/chromium automation library (unofficial port of puppeteer)"
name = "pyppeteer"
optional = false
python-versions = ">=3.6.1,<4.0.0"
version = "0.2.2"

[package.dependencies]
appdirs = ">=1.4.3,<2.0.0"
pyee = ">=7.0.1,<8.0.0"
tqdm = ">=4.42.1,<5.0.0"
urllib3 = ">=1.25.8,<2.0.0"
websockets = ">=8.1,<9.0"

[[package]]
category = "main"
description = "pyppeteer stealth"
name = "pyppeteer-stealth"
optional = false
python-versions = "*"
version = "1.0.0"

[[package]]
category = "main"
description = "Extensions to the standard Python datetime module"
name = "python-dateutil"
optional = false
python-versions = "!=3.0.*,!=3.1.*,!=3.2.*,>=2.7"
version = "2.8.1"

[package.dependencies]
six = ">=1.5"

[[package]]
category = "main"
description = "YAML parser and emitter for Python"
name = "pyyaml"
optional = false
python-versions = ">=2.7, !=3.0.*, !=3.1.*, !=3.2.*, !=3.3.*"
version = "5.1.2"

[[package]]
category = "main"
description = "Python HTTP for Humans."
name = "requests"
optional = false
python-versions = ">=2.7, !=3.0.*, !=3.1.*, !=3.2.*, !=3.3.*, !=3.4.*"
version = "2.22.0"

[package.dependencies]
certifi = ">=2017.4.17"
chardet = ">=3.0.2,<3.1.0"
idna = ">=2.5,<2.9"
urllib3 = ">=1.21.1,<1.25.0 || >1.25.0,<1.25.1 || >1.25.1,<1.26"

[package.extras]
security = ["pyOpenSSL (>=0.14)", "cryptography (>=1.3.4)", "idna (>=2.0.0)"]
socks = ["PySocks (>=1.5.6,<1.5.7 || >1.5.7)", "win-inet-pton"]

[[package]]
category = "main"
description = "Python 2 and 3 compatibility utilities"
name = "six"
optional = false
python-versions = ">=2.6, !=3.0.*, !=3.1.*"
version = "1.13.0"

[[package]]
category = "main"
description = "A modern CSS selector implementation for Beautiful Soup."
name = "soupsieve"
optional = false
python-versions = "*"
version = "1.9.5"

[[package]]
category = "main"
description = "Library for performing speech recognition, with support for several engines and APIs, online and offline."
name = "speechrecognition"
optional = false
python-versions = "*"
version = "3.8.1"

[[package]]
category = "main"
description = "Fast, Extensible Progress Meter"
name = "tqdm"
optional = false
python-versions = ">=2.6, !=3.0.*, !=3.1.*"
version = "4.46.0"

[package.extras]
dev = ["py-make (>=0.1.0)", "twine", "argopt", "pydoc-markdown"]

[[package]]
category = "main"
description = "HTTP library with thread-safe connection pooling, file post, and more."
name = "urllib3"
optional = false
python-versions = ">=2.7, !=3.0.*, !=3.1.*, !=3.2.*, !=3.3.*, !=3.4.*, <4"
version = "1.25.9"

[package.extras]
brotli = ["brotlipy (>=0.6.0)"]
secure = ["certifi", "cryptography (>=1.3.4)", "idna (>=2.0.0)", "pyOpenSSL (>=0.14)", "ipaddress"]
socks = ["PySocks (>=1.5.6,<1.5.7 || >1.5.7,<2.0)"]

[[package]]
category = "main"
description = "User-Agent generator"
name = "user-agent"
optional = false
python-versions = "*"
version = "0.1.9"

[package.dependencies]
six = "*"

[[package]]
category = "main"
description = "An implementation of the WebSocket Protocol (RFC 6455 & 7692)"
name = "websockets"
optional = false
python-versions = ">=3.6.1"
version = "8.1"

[[package]]
category = "main"
description = "Module for decorators, wrappers and monkey patching."
name = "wrapt"
optional = false
python-versions = "*"
version = "1.11.2"

[[package]]
category = "main"
description = "Yet another URL library"
name = "yarl"
optional = false
python-versions = ">=3.5.3"
version = "1.3.0"

[package.dependencies]
idna = ">=2.0"
multidict = ">=4.0"

[metadata]
content-hash = "ceb4c340891d8ed1ce1727e492e3e6cc309ac4d2702f3fd991ac381c80a05201"
lock-version = "1.0"
python-versions = "^3.8"

[metadata.files]
aiobotocore = [
    {file = "aiobotocore-0.9.3-py3-none-any.whl", hash = "sha256:f8547a58dc4e81ff62ab2d1f15fe730dcd26476ff076c1b29a38dc1a598ef2f4"},
    {file = "aiobotocore-0.9.3.tar.gz", hash = "sha256:d4937d51caf94ad124ff68303a859c25a777a4a124f5e687b8187476e056b101"},
]
aiofiles = [
    {file = "aiofiles-0.3.2-py3-none-any.whl", hash = "sha256:25c66ea3872d05d53292a6b3f7fa0f86691512076446d83a505d227b5e76f668"},
    {file = "aiofiles-0.3.2.tar.gz", hash = "sha256:852a493a877b73e11823bfd4e8e5ef2610d70d12c9eaed961bcd9124d8de8c10"},
]
aiohttp = [
    {file = "aiohttp-3.3.2-cp35-cp35m-macosx_10_10_x86_64.whl", hash = "sha256:dd81d85a342edf3d2a388e2f24d9facebc9c04550043888f970ee2f228c93059"},
    {file = "aiohttp-3.3.2-cp35-cp35m-macosx_10_11_x86_64.whl", hash = "sha256:1a112a1fdf3802b7f2b182e22e51d71e4a8fa7387d0d38e79a268921b869e384"},
    {file = "aiohttp-3.3.2-cp35-cp35m-macosx_10_12_x86_64.whl", hash = "sha256:601e8e83123b4d423a9dfddf7d6943f4f520651a78ffcd50c99d065136c7ff7b"},
    {file = "aiohttp-3.3.2-cp35-cp35m-manylinux1_i686.whl", hash = "sha256:f52e7287eb9286a1e91e4c67c207c2573147fbaddc68f70efb5aeee5d1992f2e"},
    {file = "aiohttp-3.3.2-cp35-cp35m-manylinux1_x86_64.whl", hash = "sha256:7de2c9e445a5d257935011268202338538abef1aaff341a4733eca56419ca6f6"},
    {file = "aiohttp-3.3.2-cp35-cp35m-win32.whl", hash = "sha256:ff1447c84a02b9cd5dd3a9332d1fb181a4386c3625765bb5caf1cfbc210ab3f9"},
    {file = "aiohttp-3.3.2-cp35-cp35m-win_amd64.whl", hash = "sha256:620f19ba7628b70b177f5c2e6a55a6fd6e7c8591cde38c3f8f52551733d31b66"},
    {file = "aiohttp-3.3.2-cp36-cp36m-macosx_10_10_x86_64.whl", hash = "sha256:fe7b2972ff7e779e812f974aa5695edc328ecf559ceeea887ac46f06f090ad4c"},
    {file = "aiohttp-3.3.2-cp36-cp36m-macosx_10_11_x86_64.whl", hash = "sha256:c833aa6f4c9ac3e3eb843e3d999bae51339ad33a937303f43ce78064e61cb4b6"},
    {file = "aiohttp-3.3.2-cp36-cp36m-macosx_10_12_x86_64.whl", hash = "sha256:550b4a0788500f6d00f41b7fdd9fcce6d78f99706a7b2f6f81d4d331c7ca468e"},
    {file = "aiohttp-3.3.2-cp36-cp36m-manylinux1_i686.whl", hash = "sha256:ae7501cc6a6c37b8d4774bf2218c37be47fe42019a2570e8510fc2044e59d573"},
    {file = "aiohttp-3.3.2-cp36-cp36m-manylinux1_x86_64.whl", hash = "sha256:70d56c784da1239c89d39fefa166fd429306dada641178389be4184a9c04e501"},
    {file = "aiohttp-3.3.2-cp36-cp36m-win32.whl", hash = "sha256:33aa7c937ebaf063a860cbb0c263a771b33333a84965c6148eeafe64fb4e29ca"},
    {file = "aiohttp-3.3.2-cp36-cp36m-win_amd64.whl", hash = "sha256:96bb80b659cc2bafa160f3f0c346ce7fc10de1ffec4908d7f9690797f155f658"},
    {file = "aiohttp-3.3.2.tar.gz", hash = "sha256:f20deec7a3fbaec7b5eb7ad99878427ad2ee4cc16a46732b705e8121cbb3cc12"},
]
appdirs = [
    {file = "appdirs-1.4.3-py2.py3-none-any.whl", hash = "sha256:d8b24664561d0d34ddfaec54636d502d7cea6e29c3eaf68f3df6180863e2166e"},
    {file = "appdirs-1.4.3.tar.gz", hash = "sha256:9e5896d1372858f8dd3344faf4e5014d21849c756c8d5701f78f8a103b372d92"},
]
async-generator = [
    {file = "async_generator-1.10-py3-none-any.whl", hash = "sha256:01c7bf666359b4967d2cda0000cc2e4af16a0ae098cbffcb8472fb9e8ad6585b"},
    {file = "async_generator-1.10.tar.gz", hash = "sha256:6ebb3d106c12920aaae42ccb6f787ef5eefdcdd166ea3d628fa8476abe712144"},
]
async-timeout = [
    {file = "async-timeout-3.0.0.tar.gz", hash = "sha256:b3c0ddc416736619bd4a95ca31de8da6920c3b9a140c64dbef2b2fa7bf521287"},
    {file = "async_timeout-3.0.0-py3-none-any.whl", hash = "sha256:474d4bc64cee20603e225eb1ece15e248962958b45a3648a9f5cc29e827a610c"},
]
attrs = [
    {file = "attrs-19.3.0-py2.py3-none-any.whl", hash = "sha256:08a96c641c3a74e44eb59afb61a24f2cb9f4d7188748e76ba4bb5edfa3cb7d1c"},
    {file = "attrs-19.3.0.tar.gz", hash = "sha256:f7b7ce16570fe9965acd6d30101a28f62fb4a7f9e926b3bbc9b61f8b04247e72"},
]
beautifulsoup4 = [
    {file = "beautifulsoup4-4.8.1-py2-none-any.whl", hash = "sha256:5279c36b4b2ec2cb4298d723791467e3000e5384a43ea0cdf5d45207c7e97169"},
    {file = "beautifulsoup4-4.8.1-py3-none-any.whl", hash = "sha256:dcdef580e18a76d54002088602eba453eec38ebbcafafeaabd8cab12b6155d57"},
    {file = "beautifulsoup4-4.8.1.tar.gz", hash = "sha256:6135db2ba678168c07950f9a16c4031822c6f4aec75a65e0a97bc5ca09789931"},
]
botocore = [
    {file = "botocore-1.10.58-py2.py3-none-any.whl", hash = "sha256:17a88a578161dc12ecf14950afa93a354cf009380977921f7f52891acc5e751a"},
    {file = "botocore-1.10.58.tar.gz", hash = "sha256:e0e6b6d1fdbce81c28151136ee919d2cdeee13041559710cd5c93d7e4035a455"},
]
certifi = [
    {file = "certifi-2019.9.11-py2.py3-none-any.whl", hash = "sha256:fd7c7c74727ddcf00e9acd26bba8da604ffec95bf1c2144e67aff7a8b50e6cef"},
    {file = "certifi-2019.9.11.tar.gz", hash = "sha256:e4f3620cfea4f83eedc95b24abd9cd56f3c4b146dd0177e83a21b4eb49e21e50"},
]
chardet = [
    {file = "chardet-3.0.4-py2.py3-none-any.whl", hash = "sha256:fc323ffcaeaed0e0a02bf4d117757b98aed530d9ed4531e3e15460124c106691"},
    {file = "chardet-3.0.4.tar.gz", hash = "sha256:84ab92ed1c4d4f16916e05906b6b75a6c0fb5db821cc65e70cbd64a3e2a5eaae"},
]
docutils = [
    {file = "docutils-0.15.2-py2-none-any.whl", hash = "sha256:9e4d7ecfc600058e07ba661411a2b7de2fd0fafa17d1a7f7361cd47b1175c827"},
    {file = "docutils-0.15.2-py3-none-any.whl", hash = "sha256:6c4f696463b79f1fb8ba0c594b63840ebd41f059e92b31957c46b74a4599b6d0"},
    {file = "docutils-0.15.2.tar.gz", hash = "sha256:a2aeea129088da402665e92e0b25b04b073c04b2dce4ab65caaa38b7ce2e1a99"},
]
entrypoints = [
    {file = "entrypoints-0.3-py2.py3-none-any.whl", hash = "sha256:589f874b313739ad35be6e0cd7efde2a4e9b6fea91edcc34e58ecbb8dbe56d19"},
    {file = "entrypoints-0.3.tar.gz", hash = "sha256:c70dd71abe5a8c85e55e12c19bd91ccfeec11a6e99044204511f9ed547d48451"},
]
fake-useragent = [
    {file = "fake-useragent-0.1.11.tar.gz", hash = "sha256:c104998b750eb097eefc28ae28e92d66397598d2cf41a31aa45d5559ef1adf35"},
]
flake8 = [
    {file = "flake8-3.5.0-py2.py3-none-any.whl", hash = "sha256:c7841163e2b576d435799169b78703ad6ac1bbb0f199994fc05f700b2a90ea37"},
    {file = "flake8-3.5.0.tar.gz", hash = "sha256:7253265f7abd8b313e3892944044a365e3f4ac3fcdcfb4298f55ee9ddf188ba0"},
]
fuckcaptcha = [
    {file = "fuckcaptcha-0.1.0-py2.py3-none-any.whl", hash = "sha256:6907a5c737d02aa3d7db6e57ebfd14fa93228a0670ee8282f585988a35c874fc"},
    {file = "fuckcaptcha-0.1.0.tar.gz", hash = "sha256:41d76a19fc1b50025b58941533435f598d23a7ad30d5bc23e5a6641447ab05e1"},
]
goodbyecaptcha = [
    {file = "goodbyecaptcha-2.4.2-py3-none-any.whl", hash = "sha256:6d34a2c23a1feaa04af101111112355dbe42ac063c10de43495925693f944ca0"},
    {file = "goodbyecaptcha-2.4.2.tar.gz", hash = "sha256:93072c2c86dc93fa2ca59d6f5a2fe2fbd35d80d65382942b3cdd8f32c03d25f8"},
]
idna = [
    {file = "idna-2.8-py2.py3-none-any.whl", hash = "sha256:ea8b7f6188e6fa117537c3df7da9fc686d485087abf6ac197f9c46432f7e4a3c"},
    {file = "idna-2.8.tar.gz", hash = "sha256:c357b3f628cf53ae2c4c05627ecc484553142ca23264e593d327bcde5e9c3407"},
]
idna-ssl = [
    {file = "idna-ssl-1.1.0.tar.gz", hash = "sha256:a933e3bb13da54383f9e8f35dc4f9cb9eb9b3b78c6b36f311254d6d0d92c6c7c"},
]
jmespath = [
    {file = "jmespath-0.9.4-py2.py3-none-any.whl", hash = "sha256:3720a4b1bd659dd2eecad0666459b9788813e032b83e7ba58578e48254e0a0e6"},
    {file = "jmespath-0.9.4.tar.gz", hash = "sha256:bde2aef6f44302dfb30320115b17d030798de8c4110e28d5cf6cf91a7a31074c"},
]
mccabe = [
    {file = "mccabe-0.6.1-py2.py3-none-any.whl", hash = "sha256:ab8a6258860da4b6677da4bd2fe5dc2c659cff31b3ee4f7f5d64e79735b80d42"},
    {file = "mccabe-0.6.1.tar.gz", hash = "sha256:dd8d182285a0fe56bace7f45b5e7d1a6ebcbf524e8f3bd87eb0f125271b8831f"},
]
multidict = [
    {file = "multidict-4.6.1-cp35-cp35m-macosx_10_13_x86_64.whl", hash = "sha256:318aadf1cfb6741c555c7dd83d94f746dc95989f4f106b25b8a83dfb547f2756"},
    {file = "multidict-4.6.1-cp35-cp35m-manylinux1_x86_64.whl", hash = "sha256:9c890978e2b37dd0dc1bd952da9a5d9f245d4807bee33e3517e4119c48d66f8c"},
    {file = "multidict-4.6.1-cp35-cp35m-win32.whl", hash = "sha256:efaf1b18ea6c1f577b1371c0159edbe4749558bfe983e13aa24d0a0c01e1ad7b"},
    {file = "multidict-4.6.1-cp35-cp35m-win_amd64.whl", hash = "sha256:07f9a6bf75ad675d53956b2c6a2d4ef2fa63132f33ecc99e9c24cf93beb0d10b"},
    {file = "multidict-4.6.1-cp36-cp36m-macosx_10_13_x86_64.whl", hash = "sha256:42cdd649741a14b0602bf15985cad0dd4696a380081a3319cd1ead46fd0f0fab"},
    {file = "multidict-4.6.1-cp36-cp36m-manylinux1_x86_64.whl", hash = "sha256:205a011e636d885af6dd0029e41e3514a46e05bb2a43251a619a6e8348b96fc0"},
    {file = "multidict-4.6.1-cp36-cp36m-win32.whl", hash = "sha256:cfec9d001a83dc73580143f3c77e898cf7ad78b27bb5e64dbe9652668fcafec7"},
    {file = "multidict-4.6.1-cp36-cp36m-win_amd64.whl", hash = "sha256:8d919034420378132d074bf89df148d0193e9780c9fe7c0e495e895b8af4d8a2"},
    {file = "multidict-4.6.1-cp37-cp37m-macosx_10_13_x86_64.whl", hash = "sha256:a37433ce8cdb35fc9e6e47e1606fa1bfd6d70440879038dca7d8dd023197eaa9"},
    {file = "multidict-4.6.1-cp37-cp37m-manylinux1_x86_64.whl", hash = "sha256:1b605272c558e4c659dbaf0fb32a53bfede44121bcf77b356e6e906867b958b7"},
    {file = "multidict-4.6.1-cp37-cp37m-win32.whl", hash = "sha256:891b7e142885e17a894d9d22b0349b92bb2da4769b4e675665d0331c08719be5"},
    {file = "multidict-4.6.1-cp37-cp37m-win_amd64.whl", hash = "sha256:250632316295f2311e1ed43e6b26a63b0216b866b45c11441886ac1543ca96e1"},
    {file = "multidict-4.6.1-cp38-cp38-macosx_10_13_x86_64.whl", hash = "sha256:2bc9c2579312c68a3552ee816311c8da76412e6f6a9cf33b15152e385a572d2a"},
    {file = "multidict-4.6.1-cp38-cp38-manylinux1_x86_64.whl", hash = "sha256:0ffe4d4d28cbe9801952bfb52a8095dd9ffecebd93f84bdf973c76300de783c5"},
    {file = "multidict-4.6.1-cp38-cp38-win32.whl", hash = "sha256:87e26d8b89127c25659e962c61a4c655ec7445d19150daea0759516884ecb8b4"},
    {file = "multidict-4.6.1-cp38-cp38-win_amd64.whl", hash = "sha256:c626029841ada34c030b94a00c573a0c7575fe66489cde148785b6535397d675"},
    {file = "multidict-4.6.1.tar.gz", hash = "sha256:5159c4975931a1a78bf6602bbebaa366747fce0a56cb2111f44789d2c45e379f"},
]
numpy = [
    {file = "numpy-1.17.4-cp35-cp35m-macosx_10_6_intel.whl", hash = "sha256:ede47b98de79565fcd7f2decb475e2dcc85ee4097743e551fe26cfc7eb3ff143"},
    {file = "numpy-1.17.4-cp35-cp35m-manylinux1_i686.whl", hash = "sha256:43bb4b70585f1c2d153e45323a886839f98af8bfa810f7014b20be714c37c447"},
    {file = "numpy-1.17.4-cp35-cp35m-manylinux1_x86_64.whl", hash = "sha256:c7354e8f0eca5c110b7e978034cd86ed98a7a5ffcf69ca97535445a595e07b8e"},
    {file = "numpy-1.17.4-cp35-cp35m-win32.whl", hash = "sha256:64874913367f18eb3013b16123c9fed113962e75d809fca5b78ebfbb73ed93ba"},
    {file = "numpy-1.17.4-cp35-cp35m-win_amd64.whl", hash = "sha256:6ca4000c4a6f95a78c33c7dadbb9495c10880be9c89316aa536eac359ab820ae"},
    {file = "numpy-1.17.4-cp36-cp36m-macosx_10_9_x86_64.whl", hash = "sha256:75fd817b7061f6378e4659dd792c84c0b60533e867f83e0d1e52d5d8e53df88c"},
    {file = "numpy-1.17.4-cp36-cp36m-manylinux1_i686.whl", hash = "sha256:7d81d784bdbed30137aca242ab307f3e65c8d93f4c7b7d8f322110b2e90177f9"},
    {file = "numpy-1.17.4-cp36-cp36m-manylinux1_x86_64.whl", hash = "sha256:fe39f5fd4103ec4ca3cb8600b19216cd1ff316b4990f4c0b6057ad982c0a34d5"},
    {file = "numpy-1.17.4-cp36-cp36m-win32.whl", hash = "sha256:e467c57121fe1b78a8f68dd9255fbb3bb3f4f7547c6b9e109f31d14569f490c3"},
    {file = "numpy-1.17.4-cp36-cp36m-win_amd64.whl", hash = "sha256:8d0af8d3664f142414fd5b15cabfd3b6cc3ef242a3c7a7493257025be5a6955f"},
    {file = "numpy-1.17.4-cp37-cp37m-macosx_10_9_x86_64.whl", hash = "sha256:9679831005fb16c6df3dd35d17aa31dc0d4d7573d84f0b44cc481490a65c7725"},
    {file = "numpy-1.17.4-cp37-cp37m-manylinux1_i686.whl", hash = "sha256:acbf5c52db4adb366c064d0b7c7899e3e778d89db585feadd23b06b587d64761"},
    {file = "numpy-1.17.4-cp37-cp37m-manylinux1_x86_64.whl", hash = "sha256:3d52298d0be333583739f1aec9026f3b09fdfe3ddf7c7028cb16d9d2af1cca7e"},
    {file = "numpy-1.17.4-cp37-cp37m-win32.whl", hash = "sha256:475963c5b9e116c38ad7347e154e5651d05a2286d86455671f5b1eebba5feb76"},
    {file = "numpy-1.17.4-cp37-cp37m-win_amd64.whl", hash = "sha256:0c0763787133dfeec19904c22c7e358b231c87ba3206b211652f8cbe1241deb6"},
    {file = "numpy-1.17.4-cp38-cp38-macosx_10_9_x86_64.whl", hash = "sha256:683828e50c339fc9e68720396f2de14253992c495fdddef77a1e17de55f1decc"},
    {file = "numpy-1.17.4-cp38-cp38-manylinux1_i686.whl", hash = "sha256:e2e9d8c87120ba2c591f60e32736b82b67f72c37ba88a4c23c81b5b8fa49c018"},
    {file = "numpy-1.17.4-cp38-cp38-manylinux1_x86_64.whl", hash = "sha256:a8f67ebfae9f575d85fa859b54d3bdecaeece74e3274b0b5c5f804d7ca789fe1"},
    {file = "numpy-1.17.4-cp38-cp38-win32.whl", hash = "sha256:0a7a1dd123aecc9f0076934288ceed7fd9a81ba3919f11a855a7887cbe82a02f"},
    {file = "numpy-1.17.4-cp38-cp38-win_amd64.whl", hash = "sha256:ada4805ed51f5bcaa3a06d3dd94939351869c095e30a2b54264f5a5004b52170"},
    {file = "numpy-1.17.4.zip", hash = "sha256:f58913e9227400f1395c7b800503ebfdb0772f1c33ff8cb4d6451c06cabdf316"},
]
opencv-python = [
    {file = "opencv_python-4.1.2.30-cp27-cp27m-macosx_10_9_x86_64.whl", hash = "sha256:1a2d1801c038f055852bd2379186ca8b19b4ea24afb0b8410293bc802211579b"},
    {file = "opencv_python-4.1.2.30-cp27-cp27m-manylinux1_i686.whl", hash = "sha256:e793df2e12093b3a01006b5b27f321e306193c7a5c9e2a6c8bf652e1ad2d6a86"},
    {file = "opencv_python-4.1.2.30-cp27-cp27m-manylinux1_x86_64.whl", hash = "sha256:ce7b1f25be04b04f2e678b2bf23a975137f77406dcee66a88a2daeb77cda3e76"},
    {file = "opencv_python-4.1.2.30-cp27-cp27m-win32.whl", hash = "sha256:6c32d36f52a6e0c02d1ab0bb95223cb4dd5525a7e8292a747116126b3d34c578"},
    {file = "opencv_python-4.1.2.30-cp27-cp27m-win_amd64.whl", hash = "sha256:22c2ee5f97f85903bfb28c056566b2ecaa1d2f804b880ab39ebf94528a402992"},
    {file = "opencv_python-4.1.2.30-cp27-cp27mu-manylinux1_i686.whl", hash = "sha256:04bec0a6d3a00360a7fb769b755ff4489a4ac8291821b785151f63e6d8bb59ea"},
    {file = "opencv_python-4.1.2.30-cp27-cp27mu-manylinux1_x86_64.whl", hash = "sha256:25127990671dc8bd27ae8b880d7a39f9aae863052a8fbebe8977c6ce8e5fc0c9"},
    {file = "opencv_python-4.1.2.30-cp35-cp35m-manylinux1_i686.whl", hash = "sha256:73a467a78ffd902d2c0265ab6b2e2cdda423d61b3d08685e0c7d0b4572142ff1"},
    {file = "opencv_python-4.1.2.30-cp35-cp35m-manylinux1_x86_64.whl", hash = "sha256:76de8a247970d150b1672c6646cda91217d562682e713721fc9b9bf1434553c4"},
    {file = "opencv_python-4.1.2.30-cp35-cp35m-win32.whl", hash = "sha256:e6fc00ac42c800fad5fb3927cfb9bf4e60bb3302cb9805f45b826d5d2546119a"},
    {file = "opencv_python-4.1.2.30-cp35-cp35m-win_amd64.whl", hash = "sha256:3cef82b6a1f748d2f4527f5932a86d54ebd10bd89f6cf59b003c36b1015055f7"},
    {file = "opencv_python-4.1.2.30-cp36-cp36m-macosx_10_9_x86_64.whl", hash = "sha256:5f2cf5a0ab244a0a1dbe5ec426c277b55e06ac6a472ad61be77ef643a238cbd3"},
    {file = "opencv_python-4.1.2.30-cp36-cp36m-manylinux1_i686.whl", hash = "sha256:982d4e80c14356098cde57a6c7d18fe0928a1c3118675bac2252ef38f152e1ab"},
    {file = "opencv_python-4.1.2.30-cp36-cp36m-manylinux1_x86_64.whl", hash = "sha256:919d5c3ec1a62258ba8c68b869b1056186e2355c4474739b199c295547e66cc1"},
    {file = "opencv_python-4.1.2.30-cp36-cp36m-win32.whl", hash = "sha256:499a0413e7110a934ab56e635252a4c86f8be64de59f94a62318a7b895dc809e"},
    {file = "opencv_python-4.1.2.30-cp36-cp36m-win_amd64.whl", hash = "sha256:1c7d235faef511aca7669f1aa650897b6c058dfde6412ea3fc58feb0fce78814"},
    {file = "opencv_python-4.1.2.30-cp37-cp37m-macosx_10_9_x86_64.whl", hash = "sha256:c8119248457e909dcd7b598621ed1d139419d69377e8cb4e2b2c49c819de287d"},
    {file = "opencv_python-4.1.2.30-cp37-cp37m-manylinux1_i686.whl", hash = "sha256:9d025e6bf2989bcbc7744c26d8bd90c2629a92d8de3ba2416f62ce2a94615dd9"},
    {file = "opencv_python-4.1.2.30-cp37-cp37m-manylinux1_x86_64.whl", hash = "sha256:eae543b3e9253ff702103333aabd87736b5ed5e46ab834d8e0b929f08f494dee"},
    {file = "opencv_python-4.1.2.30-cp37-cp37m-win32.whl", hash = "sha256:e2ffa3161b8662112f1880734e8b9549d0c9e818e59f652a9d1c5bf31e36586a"},
    {file = "opencv_python-4.1.2.30-cp37-cp37m-win_amd64.whl", hash = "sha256:6183c9c7fab4590e0651bc941cde780988c3ad9889bd62de19d581a6f59523ea"},
    {file = "opencv_python-4.1.2.30-cp38-cp38-macosx_10_9_x86_64.whl", hash = "sha256:bb59f98205cd81e29f45eed043cf0f98531486dc0b3f671c9e06fecf08f7ccef"},
    {file = "opencv_python-4.1.2.30-cp38-cp38-manylinux1_i686.whl", hash = "sha256:d64428bf59ab4d27620b00a2ad6fea2b4d62016a17849c82a7517ec12db97d55"},
    {file = "opencv_python-4.1.2.30-cp38-cp38-manylinux1_x86_64.whl", hash = "sha256:5fec35916a6b9ce935f2e2806084303fd4e3fbb0c973a8db8f54b5aca54613cb"},
    {file = "opencv_python-4.1.2.30-cp38-cp38-win32.whl", hash = "sha256:67a236db8db84d7fb0f6e127f360ce6669350ef324839132e22879ec90588dab"},
    {file = "opencv_python-4.1.2.30-cp38-cp38-win_amd64.whl", hash = "sha256:f0af656402b73ead2d9f593c2774c04b01e2d0c63e4f99e0dc2f3fde99be22b4"},
]
peewee = [
    {file = "peewee-3.11.2.tar.gz", hash = "sha256:f3f5c80c51b632d031f60454accadd84f166453a471bff63093ca674973f2a4e"},
]
pillow = [
    {file = "Pillow-6.2.1-cp27-cp27m-macosx_10_6_intel.whl", hash = "sha256:4ac6148008c169603070c092e81f88738f1a0c511e07bd2bb0f9ef542d375da9"},
    {file = "Pillow-6.2.1-cp27-cp27m-manylinux1_i686.whl", hash = "sha256:4aad1b88933fd6dc2846552b89ad0c74ddbba2f0884e2c162aa368374bf5abab"},
    {file = "Pillow-6.2.1-cp27-cp27m-manylinux1_x86_64.whl", hash = "sha256:c710fcb7ee32f67baf25aa9ffede4795fd5d93b163ce95fdc724383e38c9df96"},
    {file = "Pillow-6.2.1-cp27-cp27m-win32.whl", hash = "sha256:e9a3edd5f714229d41057d56ac0f39ad9bdba6767e8c888c951869f0bdd129b0"},
    {file = "Pillow-6.2.1-cp27-cp27m-win_amd64.whl", hash = "sha256:b1ae48d87f10d1384e5beecd169c77502fcc04a2c00a4c02b85f0a94b419e5f9"},
    {file = "Pillow-6.2.1-cp27-cp27mu-manylinux1_i686.whl", hash = "sha256:a423c2ea001c6265ed28700df056f75e26215fd28c001e93ef4380b0f05f9547"},
    {file = "Pillow-6.2.1-cp27-cp27mu-manylinux1_x86_64.whl", hash = "sha256:9f5529fc02009f96ba95bea48870173426879dc19eec49ca8e08cd63ecd82ddb"},
    {file = "Pillow-6.2.1-cp35-cp35m-macosx_10_6_intel.whl", hash = "sha256:5cc901c2ab9409b4b7ac7b5bcc3e86ac14548627062463da0af3b6b7c555a871"},
    {file = "Pillow-6.2.1-cp35-cp35m-manylinux1_i686.whl", hash = "sha256:c6414f6aad598364aaf81068cabb077894eb88fed99c6a65e6e8217bab62ae7a"},
    {file = "Pillow-6.2.1-cp35-cp35m-manylinux1_x86_64.whl", hash = "sha256:384b12c9aa8ef95558abdcb50aada56d74bc7cc131dd62d28c2d0e4d3aadd573"},
    {file = "Pillow-6.2.1-cp35-cp35m-win32.whl", hash = "sha256:248cffc168896982f125f5c13e9317c059f74fffdb4152893339f3be62a01340"},
    {file = "Pillow-6.2.1-cp35-cp35m-win_amd64.whl", hash = "sha256:285edafad9bc60d96978ed24d77cdc0b91dace88e5da8c548ba5937c425bca8b"},
    {file = "Pillow-6.2.1-cp36-cp36m-macosx_10_6_intel.whl", hash = "sha256:846fa202bd7ee0f6215c897a1d33238ef071b50766339186687bd9b7a6d26ac5"},
    {file = "Pillow-6.2.1-cp36-cp36m-manylinux1_i686.whl", hash = "sha256:7ce80c0a65a6ea90ef9c1f63c8593fcd2929448613fc8da0adf3e6bfad669d08"},
    {file = "Pillow-6.2.1-cp36-cp36m-manylinux1_x86_64.whl", hash = "sha256:e0697b826da6c2472bb6488db4c0a7fa8af0d52fa08833ceb3681358914b14e5"},
    {file = "Pillow-6.2.1-cp36-cp36m-win32.whl", hash = "sha256:047d9473cf68af50ac85f8ee5d5f21a60f849bc17d348da7fc85711287a75031"},
    {file = "Pillow-6.2.1-cp36-cp36m-win_amd64.whl", hash = "sha256:83792cb4e0b5af480588601467c0764242b9a483caea71ef12d22a0d0d6bdce2"},
    {file = "Pillow-6.2.1-cp37-cp37m-macosx_10_6_intel.whl", hash = "sha256:c9e5ffb910b14f090ac9c38599063e354887a5f6d7e6d26795e916b4514f2c1a"},
    {file = "Pillow-6.2.1-cp37-cp37m-manylinux1_i686.whl", hash = "sha256:4deb1d2a45861ae6f0b12ea0a786a03d19d29edcc7e05775b85ec2877cb54c5e"},
    {file = "Pillow-6.2.1-cp37-cp37m-manylinux1_x86_64.whl", hash = "sha256:0f66dc6c8a3cc319561a633b6aa82c44107f12594643efa37210d8c924fc1c71"},
    {file = "Pillow-6.2.1-cp37-cp37m-win32.whl", hash = "sha256:59aa2c124df72cc75ed72c8d6005c442d4685691a30c55321e00ed915ad1a291"},
    {file = "Pillow-6.2.1-cp37-cp37m-win_amd64.whl", hash = "sha256:6c1db03e8dff7b9f955a0fb9907eb9ca5da75b5ce056c0c93d33100a35050281"},
    {file = "Pillow-6.2.1-cp38-cp38-macosx_10_9_x86_64.whl", hash = "sha256:12c9169c4e8fe0a7329e8658c7e488001f6b4c8e88740e76292c2b857af2e94c"},
    {file = "Pillow-6.2.1-cp38-cp38-manylinux1_i686.whl", hash = "sha256:27faf0552bf8c260a5cee21a76e031acaea68babb64daf7e8f2e2540745082aa"},
    {file = "Pillow-6.2.1-cp38-cp38-manylinux1_x86_64.whl", hash = "sha256:809c19241c14433c5d6135e1b6c72da4e3b56d5c865ad5736ab99af8896b8f41"},
    {file = "Pillow-6.2.1-cp38-cp38-win32.whl", hash = "sha256:ac4428094b42907aba5879c7c000d01c8278d451a3b7cccd2103e21f6397ea75"},
    {file = "Pillow-6.2.1-cp38-cp38-win_amd64.whl", hash = "sha256:38950b3a707f6cef09cd3cbb142474357ad1a985ceb44d921bdf7b4647b3e13e"},
    {file = "Pillow-6.2.1-pp272-pypy_41-win32.whl", hash = "sha256:5a47d2123a9ec86660fe0e8d0ebf0aa6bc6a17edc63f338b73ea20ba11713f12"},
    {file = "Pillow-6.2.1-pp372-pp372-win32.whl", hash = "sha256:c7be4b8a09852291c3c48d3c25d1b876d2494a0a674980089ac9d5e0d78bd132"},
    {file = "Pillow-6.2.1.tar.gz", hash = "sha256:bf4e972a88f8841d8fdc6db1a75e0f8d763e66e3754b03006cbc3854d89f1cb1"},
]
pocketsphinx = [
    {file = "pocketsphinx-0.1.15-cp27-cp27m-macosx_10_10_x86_64.whl", hash = "sha256:f0fdfe162bc99590e8666251a55d6311ac4cb137482a871f93d38b1834251253"},
    {file = "pocketsphinx-0.1.15-cp27-cp27m-macosx_10_11_x86_64.whl", hash = "sha256:855c6761d008cdb4fc2d9aded5c1a0f163ce901f8b64075d36a88ae7814af755"},
    {file = "pocketsphinx-0.1.15-cp27-cp27m-macosx_10_12_x86_64.whl", hash = "sha256:e2a4f22cddec68e75e796068ae82095dd8dba1187aa3a8abe305bdc6c565e8b4"},
    {file = "pocketsphinx-0.1.15-cp27-cp27m-macosx_10_13_x86_64.whl", hash = "sha256:9b477fcf8829f53ab470fdcf3fa77db00d71eee321353d10b306f0e5b95e8591"},
    {file = "pocketsphinx-0.1.15-cp27-cp27m-win32.whl", hash = "sha256:1f3eaca1b49d579e89e909bb101ad033493a1c9dddd8c72afd6b755c70365d56"},
    {file = "pocketsphinx-0.1.15-cp27-cp27m-win_amd64.whl", hash = "sha256:41d2107b74597cf8444f9e36b91363d60097b4fa88a9c750760a85209deef439"},
    {file = "pocketsphinx-0.1.15-cp35-cp35m-win32.whl", hash = "sha256:3f438f9f5729a7629c122784697884cff5f2a2e022aef270a4081985d15eae88"},
    {file = "pocketsphinx-0.1.15-cp35-cp35m-win_amd64.whl", hash = "sha256:667152b4139ba46de172fa627404fe284b2ecd5d6bfcfe905b068801324ba7fb"},
    {file = "pocketsphinx-0.1.15-cp36-cp36m-macosx_10_10_x86_64.whl", hash = "sha256:8ca14694d7cc111796e63c13c61420553a43a29c63c386c975bfc213d8da3e55"},
    {file = "pocketsphinx-0.1.15-cp36-cp36m-macosx_10_11_x86_64.whl", hash = "sha256:bfbbeddb20196abbb04b8f7b5dc03628c7df0dc87e760326d76d37b27fb9d6f9"},
    {file = "pocketsphinx-0.1.15-cp36-cp36m-macosx_10_12_x86_64.whl", hash = "sha256:72286c3ecaa6641d426ca80bd4d1b3241c26b1703af419429ef779719e007443"},
    {file = "pocketsphinx-0.1.15-cp36-cp36m-macosx_10_13_x86_64.whl", hash = "sha256:1c2a8cc7f2032f9e8214f5e4e864511fe37bfd27f2045fbf8aed9c54569dc881"},
    {file = "pocketsphinx-0.1.15-cp36-cp36m-win32.whl", hash = "sha256:d20b497369bd108dd135b3d4eed1d3edd2c8b51b1b696e67600adbfff2fe3316"},
    {file = "pocketsphinx-0.1.15-cp36-cp36m-win_amd64.whl", hash = "sha256:71e7cf04433615e21ad3c28a2cc2daa43e96e570f2611f142eb3468f4f7789a6"},
    {file = "pocketsphinx-0.1.15.tar.gz", hash = "sha256:34d290745c7dbe6fa2cac9815b5c19d10f393e528ecd70e779c21ebc448f9b63"},
    {file = "pocketsphinx-0.1.15.win-amd64-py2.7.exe", hash = "sha256:cbbb96e5ff22cf06f144987aa209c77edf99e76764e4d671cbd4dda28825d192"},
    {file = "pocketsphinx-0.1.15.win-amd64-py3.5.exe", hash = "sha256:de4e4ae2c1ef412ad5519ca5fc44744a4374970a1f49d61417072808bf426c63"},
    {file = "pocketsphinx-0.1.15.win-amd64-py3.6.exe", hash = "sha256:7f48fcfd16c913a3475b1b58c132bd06c9ad5cd9cf1464c3d71fc4ad8a5ccc6f"},
    {file = "pocketsphinx-0.1.15.win32-py2.7.exe", hash = "sha256:fd54d61f226c8f3906ef948579249db999a8119069303cec5de48e770e0e2361"},
    {file = "pocketsphinx-0.1.15.win32-py3.5.exe", hash = "sha256:1fa4acdd2350d483a75ea2dc51d5698fdc240922f17069889cad70700710db2f"},
    {file = "pocketsphinx-0.1.15.win32-py3.6.exe", hash = "sha256:9f4068789d426c14052bcc184368aece4d6d9ecf998359e958194faffb9c3698"},
]
psutil = [
    {file = "psutil-5.4.6-cp27-none-win32.whl", hash = "sha256:319e12f6bae4d4d988fbff3bed792953fa3b44c791f085b0a1a230f755671ef7"},
    {file = "psutil-5.4.6-cp27-none-win_amd64.whl", hash = "sha256:7789885a72aa3075d28d028236eb3f2b84d908f81d38ad41769a6ddc2fd81b7c"},
    {file = "psutil-5.4.6-cp34-cp34m-win32.whl", hash = "sha256:0ff2b16e9045d01edb1dd10d7fbcc184012e37f6cd38029e959f2be9c6223f50"},
    {file = "psutil-5.4.6-cp34-cp34m-win_amd64.whl", hash = "sha256:dc85fad15ef98103ecc047a0d81b55bbf5fe1b03313b96e883acc2e2fa87ed5c"},
    {file = "psutil-5.4.6-cp35-cp35m-win32.whl", hash = "sha256:7f4616bcb44a6afda930cfc40215e5e9fa7c6896e683b287c771c937712fbe2f"},
    {file = "psutil-5.4.6-cp35-cp35m-win_amd64.whl", hash = "sha256:529ae235896efb99a6f77653a7138273ab701ec9f0343a1f5030945108dee3c4"},
    {file = "psutil-5.4.6-cp36-cp36m-win32.whl", hash = "sha256:254adb6a27c888f141d2a6032ae231d8ed4fc5f7583b4c825e5f7d7c78d26d2e"},
    {file = "psutil-5.4.6-cp36-cp36m-win_amd64.whl", hash = "sha256:a9b85b335b40a528a8e2a6b549592138de8429c6296e7361892958956e6a73cf"},
    {file = "psutil-5.4.6-cp37-cp37m-win32.whl", hash = "sha256:6d981b4d863b20c8ceed98b8ac3d1ca7f96d28707a80845d360fa69c8fc2c44b"},
    {file = "psutil-5.4.6-cp37-cp37m-win_amd64.whl", hash = "sha256:7fdb3d02bfd68f508e6745021311a4a4dbfec53fca03721474e985f310e249ba"},
    {file = "psutil-5.4.6.tar.gz", hash = "sha256:686e5a35fe4c0acc25f3466c32e716f2d498aaae7b7edc03e2305b682226bcf6"},
]
pyaudio = [
    {file = "PyAudio-0.2.11-cp27-cp27m-win32.whl", hash = "sha256:f78d543a98b730e64621ebf7f3e2868a79ade0a373882ef51c0293455ffa8e6e"},
    {file = "PyAudio-0.2.11-cp27-cp27m-win_amd64.whl", hash = "sha256:259bb9c1363be895b4f9a97e320a6017dd06bc540728c1a04eb4a7b6fe75035b"},
    {file = "PyAudio-0.2.11-cp34-cp34m-win32.whl", hash = "sha256:0d92f6a294565260a282f7c9a0b0d309fc8cc988b5ee5b50645634ab9e2da7f7"},
    {file = "PyAudio-0.2.11-cp34-cp34m-win_amd64.whl", hash = "sha256:589bfad2c615dd4b5d3757e763019c42ab82f06fba5cae64ec02fd7f5ae407ed"},
    {file = "PyAudio-0.2.11-cp35-cp35m-win32.whl", hash = "sha256:8f89075b4844ea94dde0c951c2937581c989fabd4df09bfd3f075035f50955df"},
    {file = "PyAudio-0.2.11-cp35-cp35m-win_amd64.whl", hash = "sha256:cf1543ba50bd44ac0d0ab5c035bb9c3127eb76047ff12235149d9adf86f532b6"},
    {file = "PyAudio-0.2.11-cp36-cp36m-win32.whl", hash = "sha256:51b558d1b28c68437b53218279110db44f69f3f5dd3d81859f569a4a96962bdc"},
    {file = "PyAudio-0.2.11-cp36-cp36m-win_amd64.whl", hash = "sha256:2a19bdb8ec1445b4f3e4b7b109e0e4cec1fd1f1ce588592aeb6db0b58d4fb3b0"},
    {file = "PyAudio-0.2.11.tar.gz", hash = "sha256:93bfde30e0b64e63a46f2fd77e85c41fd51182a4a3413d9edfaf9ffaa26efb74"},
]
pycodestyle = [
    {file = "pycodestyle-2.3.1-py2.py3-none-any.whl", hash = "sha256:6c4245ade1edfad79c3446fadfc96b0de2759662dc29d07d80a6f27ad1ca6ba9"},
    {file = "pycodestyle-2.3.1.tar.gz", hash = "sha256:682256a5b318149ca0d2a9185d365d8864a768a28db66a84a2ea946bcc426766"},
]
pydub = [
    {file = "pydub-0.22.1-py2.py3-none-any.whl", hash = "sha256:b17c5b01a94bb6c50e3e4ff1953d61919b156e774182038d92389215976bd6a1"},
    {file = "pydub-0.22.1.tar.gz", hash = "sha256:20beff39e9959a3b2cb4392802aecb9b2417837fff635d2b00b5ef5f5326d313"},
]
pyee = [
    {file = "pyee-7.0.1-py2.py3-none-any.whl", hash = "sha256:705806bb09bc4b17a729d9a3d19a4f4e765abd010eb18e032d72f76452d07552"},
    {file = "pyee-7.0.1.tar.gz", hash = "sha256:b0e5b89b17c8bd52a3c6517a545187907a8c69ce90169d29ebd8d2d5d7e4bc7d"},
]
pyflakes = [
    {file = "pyflakes-1.6.0-py2.py3-none-any.whl", hash = "sha256:08bd6a50edf8cffa9fa09a463063c425ecaaf10d1eb0335a7e8b1401aef89e6f"},
    {file = "pyflakes-1.6.0.tar.gz", hash = "sha256:8d616a382f243dbf19b54743f280b80198be0bca3a5396f1d2e1fca6223e8805"},
]
pyppeteer = [
    {file = "pyppeteer-0.2.2-py3-none-any.whl", hash = "sha256:27d1f1a54e233428b4de3489d516db7d4805f67442bb77a7718cc04d7a40debb"},
    {file = "pyppeteer-0.2.2.tar.gz", hash = "sha256:153c62666fe1d55b3941d1634733c02cafb47188fcf282987371e863d58f22e9"},
]
pyppeteer-stealth = [
    {file = "pyppeteer_stealth-1.0.0.tar.gz", hash = "sha256:f97a32db08c779b62179d33a87c6478cc19da93265520fa4d13da4ae117230ee"},
]
python-dateutil = [
    {file = "python-dateutil-2.8.1.tar.gz", hash = "sha256:73ebfe9dbf22e832286dafa60473e4cd239f8592f699aa5adaf10050e6e1823c"},
    {file = "python_dateutil-2.8.1-py2.py3-none-any.whl", hash = "sha256:75bb3f31ea686f1197762692a9ee6a7550b59fc6ca3a1f4b5d7e32fb98e2da2a"},
]
pyyaml = [
    {file = "PyYAML-5.1.2-cp27-cp27m-win32.whl", hash = "sha256:5124373960b0b3f4aa7df1707e63e9f109b5263eca5976c66e08b1c552d4eaf8"},
    {file = "PyYAML-5.1.2-cp27-cp27m-win_amd64.whl", hash = "sha256:f81025eddd0327c7d4cfe9b62cf33190e1e736cc6e97502b3ec425f574b3e7a8"},
    {file = "PyYAML-5.1.2-cp34-cp34m-win32.whl", hash = "sha256:0113bc0ec2ad727182326b61326afa3d1d8280ae1122493553fd6f4397f33df9"},
    {file = "PyYAML-5.1.2-cp34-cp34m-win_amd64.whl", hash = "sha256:5ca4f10adbddae56d824b2c09668e91219bb178a1eee1faa56af6f99f11bf696"},
    {file = "PyYAML-5.1.2-cp35-cp35m-win32.whl", hash = "sha256:bf47c0607522fdbca6c9e817a6e81b08491de50f3766a7a0e6a5be7905961b41"},
    {file = "PyYAML-5.1.2-cp35-cp35m-win_amd64.whl", hash = "sha256:87ae4c829bb25b9fe99cf71fbb2140c448f534e24c998cc60f39ae4f94396a73"},
    {file = "PyYAML-5.1.2-cp36-cp36m-win32.whl", hash = "sha256:9de9919becc9cc2ff03637872a440195ac4241c80536632fffeb6a1e25a74299"},
    {file = "PyYAML-5.1.2-cp36-cp36m-win_amd64.whl", hash = "sha256:a5a85b10e450c66b49f98846937e8cfca1db3127a9d5d1e31ca45c3d0bef4c5b"},
    {file = "PyYAML-5.1.2-cp37-cp37m-win32.whl", hash = "sha256:b0997827b4f6a7c286c01c5f60384d218dca4ed7d9efa945c3e1aa623d5709ae"},
    {file = "PyYAML-5.1.2-cp37-cp37m-win_amd64.whl", hash = "sha256:7907be34ffa3c5a32b60b95f4d95ea25361c951383a894fec31be7252b2b6f34"},
    {file = "PyYAML-5.1.2-cp38-cp38m-win32.whl", hash = "sha256:7ec9b2a4ed5cad025c2278a1e6a19c011c80a3caaac804fd2d329e9cc2c287c9"},
    {file = "PyYAML-5.1.2-cp38-cp38m-win_amd64.whl", hash = "sha256:b631ef96d3222e62861443cc89d6563ba3eeb816eeb96b2629345ab795e53681"},
    {file = "PyYAML-5.1.2.tar.gz", hash = "sha256:01adf0b6c6f61bd11af6e10ca52b7d4057dd0be0343eb9283c878cf3af56aee4"},
]
requests = [
    {file = "requests-2.22.0-py2.py3-none-any.whl", hash = "sha256:9cf5292fcd0f598c671cfc1e0d7d1a7f13bb8085e9a590f48c010551dc6c4b31"},
    {file = "requests-2.22.0.tar.gz", hash = "sha256:11e007a8a2aa0323f5a921e9e6a2d7e4e67d9877e85773fba9ba6419025cbeb4"},
]
six = [
    {file = "six-1.13.0-py2.py3-none-any.whl", hash = "sha256:1f1b7d42e254082a9db6279deae68afb421ceba6158efa6131de7b3003ee93fd"},
    {file = "six-1.13.0.tar.gz", hash = "sha256:30f610279e8b2578cab6db20741130331735c781b56053c59c4076da27f06b66"},
]
soupsieve = [
    {file = "soupsieve-1.9.5-py2.py3-none-any.whl", hash = "sha256:bdb0d917b03a1369ce964056fc195cfdff8819c40de04695a80bc813c3cfa1f5"},
    {file = "soupsieve-1.9.5.tar.gz", hash = "sha256:e2c1c5dee4a1c36bcb790e0fabd5492d874b8ebd4617622c4f6a731701060dda"},
]
speechrecognition = [
    {file = "SpeechRecognition-3.8.1-py2.py3-none-any.whl", hash = "sha256:4d8f73a0c05ec70331c3bacaa89ecc06dfa8d9aba0899276664cda06ab597e8e"},
]
tqdm = [
    {file = "tqdm-4.46.0-py2.py3-none-any.whl", hash = "sha256:acdafb20f51637ca3954150d0405ff1a7edde0ff19e38fb99a80a66210d2a28f"},
    {file = "tqdm-4.46.0.tar.gz", hash = "sha256:4733c4a10d0f2a4d098d801464bdaf5240c7dadd2a7fde4ee93b0a0efd9fb25e"},
]
urllib3 = [
    {file = "urllib3-1.25.9-py2.py3-none-any.whl", hash = "sha256:88206b0eb87e6d677d424843ac5209e3fb9d0190d0ee169599165ec25e9d9115"},
    {file = "urllib3-1.25.9.tar.gz", hash = "sha256:3018294ebefce6572a474f0604c2021e33b3fd8006ecd11d62107a5d2a963527"},
]
user-agent = [
    {file = "user_agent-0.1.9.tar.gz", hash = "sha256:8f1ad46cc4aef9f99515ea1c74bb8cacc43e23074c335b2ba2db7735ebe9c0d5"},
]
websockets = [
    {file = "websockets-8.1-cp36-cp36m-macosx_10_6_intel.whl", hash = "sha256:3762791ab8b38948f0c4d281c8b2ddfa99b7e510e46bd8dfa942a5fff621068c"},
    {file = "websockets-8.1-cp36-cp36m-manylinux1_i686.whl", hash = "sha256:3db87421956f1b0779a7564915875ba774295cc86e81bc671631379371af1170"},
    {file = "websockets-8.1-cp36-cp36m-manylinux1_x86_64.whl", hash = "sha256:4f9f7d28ce1d8f1295717c2c25b732c2bc0645db3215cf757551c392177d7cb8"},
    {file = "websockets-8.1-cp36-cp36m-manylinux2010_i686.whl", hash = "sha256:295359a2cc78736737dd88c343cd0747546b2174b5e1adc223824bcaf3e164cb"},
    {file = "websockets-8.1-cp36-cp36m-manylinux2010_x86_64.whl", hash = "sha256:1d3f1bf059d04a4e0eb4985a887d49195e15ebabc42364f4eb564b1d065793f5"},
    {file = "websockets-8.1-cp36-cp36m-win32.whl", hash = "sha256:2db62a9142e88535038a6bcfea70ef9447696ea77891aebb730a333a51ed559a"},
    {file = "websockets-8.1-cp36-cp36m-win_amd64.whl", hash = "sha256:0e4fb4de42701340bd2353bb2eee45314651caa6ccee80dbd5f5d5978888fed5"},
    {file = "websockets-8.1-cp37-cp37m-macosx_10_6_intel.whl", hash = "sha256:9b248ba3dd8a03b1a10b19efe7d4f7fa41d158fdaa95e2cf65af5a7b95a4f989"},
    {file = "websockets-8.1-cp37-cp37m-manylinux1_i686.whl", hash = "sha256:ce85b06a10fc65e6143518b96d3dca27b081a740bae261c2fb20375801a9d56d"},
    {file = "websockets-8.1-cp37-cp37m-manylinux1_x86_64.whl", hash = "sha256:965889d9f0e2a75edd81a07592d0ced54daa5b0785f57dc429c378edbcffe779"},
    {file = "websockets-8.1-cp37-cp37m-manylinux2010_i686.whl", hash = "sha256:751a556205d8245ff94aeef23546a1113b1dd4f6e4d102ded66c39b99c2ce6c8"},
    {file = "websockets-8.1-cp37-cp37m-manylinux2010_x86_64.whl", hash = "sha256:3ef56fcc7b1ff90de46ccd5a687bbd13a3180132268c4254fc0fa44ecf4fc422"},
    {file = "websockets-8.1-cp37-cp37m-win32.whl", hash = "sha256:7ff46d441db78241f4c6c27b3868c9ae71473fe03341340d2dfdbe8d79310acc"},
    {file = "websockets-8.1-cp37-cp37m-win_amd64.whl", hash = "sha256:20891f0dddade307ffddf593c733a3fdb6b83e6f9eef85908113e628fa5a8308"},
    {file = "websockets-8.1-cp38-cp38-macosx_10_9_x86_64.whl", hash = "sha256:c1ec8db4fac31850286b7cd3b9c0e1b944204668b8eb721674916d4e28744092"},
    {file = "websockets-8.1-cp38-cp38-manylinux1_i686.whl", hash = "sha256:5c01fd846263a75bc8a2b9542606927cfad57e7282965d96b93c387622487485"},
    {file = "websockets-8.1-cp38-cp38-manylinux1_x86_64.whl", hash = "sha256:9bef37ee224e104a413f0780e29adb3e514a5b698aabe0d969a6ba426b8435d1"},
    {file = "websockets-8.1-cp38-cp38-manylinux2010_i686.whl", hash = "sha256:d705f8aeecdf3262379644e4b55107a3b55860eb812b673b28d0fbc347a60c55"},
    {file = "websockets-8.1-cp38-cp38-manylinux2010_x86_64.whl", hash = "sha256:c8a116feafdb1f84607cb3b14aa1418424ae71fee131642fc568d21423b51824"},
    {file = "websockets-8.1-cp38-cp38-win32.whl", hash = "sha256:e898a0863421650f0bebac8ba40840fc02258ef4714cb7e1fd76b6a6354bda36"},
    {file = "websockets-8.1-cp38-cp38-win_amd64.whl", hash = "sha256:f8a7bff6e8664afc4e6c28b983845c5bc14965030e3fb98789734d416af77c4b"},
    {file = "websockets-8.1.tar.gz", hash = "sha256:5c65d2da8c6bce0fca2528f69f44b2f977e06954c8512a952222cea50dad430f"},
]
wrapt = [
    {file = "wrapt-1.11.2.tar.gz", hash = "sha256:565a021fd19419476b9362b05eeaa094178de64f8361e44468f9e9d7843901e1"},
]
yarl = [
    {file = "yarl-1.3.0-cp35-cp35m-manylinux1_i686.whl", hash = "sha256:3e2724eb9af5dc41648e5bb304fcf4891adc33258c6e14e2a7414ea32541e320"},
    {file = "yarl-1.3.0-cp35-cp35m-manylinux1_x86_64.whl", hash = "sha256:3890ab952d508523ef4881457c4099056546593fa05e93da84c7250516e632eb"},
    {file = "yarl-1.3.0-cp35-cp35m-win32.whl", hash = "sha256:7ab825726f2940c16d92aaec7d204cfc34ac26c0040da727cf8ba87255a33829"},
    {file = "yarl-1.3.0-cp35-cp35m-win_amd64.whl", hash = "sha256:b25de84a8c20540531526dfbb0e2d2b648c13fd5dd126728c496d7c3fea33310"},
    {file = "yarl-1.3.0-cp36-cp36m-manylinux1_i686.whl", hash = "sha256:2f3010703295fbe1aec51023740871e64bb9664c789cba5a6bdf404e93f7568f"},
    {file = "yarl-1.3.0-cp36-cp36m-manylinux1_x86_64.whl", hash = "sha256:5badb97dd0abf26623a9982cd448ff12cb39b8e4c94032ccdedf22ce01a64842"},
    {file = "yarl-1.3.0-cp36-cp36m-win32.whl", hash = "sha256:c9bb7c249c4432cd47e75af3864bc02d26c9594f49c82e2a28624417f0ae63b8"},
    {file = "yarl-1.3.0-cp36-cp36m-win_amd64.whl", hash = "sha256:c6e341f5a6562af74ba55205dbd56d248daf1b5748ec48a0200ba227bb9e33f4"},
    {file = "yarl-1.3.0-cp37-cp37m-win32.whl", hash = "sha256:e060906c0c585565c718d1c3841747b61c5439af2211e185f6739a9412dfbde1"},
    {file = "yarl-1.3.0-cp37-cp37m-win_amd64.whl", hash = "sha256:73f447d11b530d860ca1e6b582f947688286ad16ca42256413083d13f260b7a0"},
    {file = "yarl-1.3.0.tar.gz", hash = "sha256:024ecdc12bc02b321bc66b41327f930d1c2c543fa9a561b39861da9388ba7aa9"},
]
